// !$*UTF8*$!
{
	archiveVersion = 1;
	classes = {
	};
	objectVersion = 46;
	objects = {

/* Begin PBXBuildFile section */
		6340FD8F1B605CAD008985B2 /* DEIImageStore.m in Sources */ = {isa = PBXBuildFile; fileRef = 6340FD8E1B605CAD008985B2 /* DEIImageStore.m */; };
		6342AC621B38AF820059D925 /* BNRItem.m in Sources */ = {isa = PBXBuildFile; fileRef = 6342AC611B38AF820059D925 /* BNRItem.m */; };
		6342AC651B38BFF40059D925 /* DEIItemsStore.m in Sources */ = {isa = PBXBuildFile; fileRef = 6342AC641B38BFF40059D925 /* DEIItemsStore.m */; };
		6390B86F1B3655D500F83DB2 /* Foundation.framework in Frameworks */ = {isa = PBXBuildFile; fileRef = 6390B86E1B3655D500F83DB2 /* Foundation.framework */; };
		6390B8711B3655D500F83DB2 /* CoreGraphics.framework in Frameworks */ = {isa = PBXBuildFile; fileRef = 6390B8701B3655D500F83DB2 /* CoreGraphics.framework */; };
		6390B8731B3655D500F83DB2 /* UIKit.framework in Frameworks */ = {isa = PBXBuildFile; fileRef = 6390B8721B3655D500F83DB2 /* UIKit.framework */; };
		6390B8791B3655D500F83DB2 /* InfoPlist.strings in Resources */ = {isa = PBXBuildFile; fileRef = 6390B8771B3655D500F83DB2 /* InfoPlist.strings */; };
		6390B87B1B3655D500F83DB2 /* main.m in Sources */ = {isa = PBXBuildFile; fileRef = 6390B87A1B3655D500F83DB2 /* main.m */; };
		6390B87F1B3655D500F83DB2 /* DEIAppDelegate.m in Sources */ = {isa = PBXBuildFile; fileRef = 6390B87E1B3655D500F83DB2 /* DEIAppDelegate.m */; };
		6390B8811B3655D500F83DB2 /* Images.xcassets in Resources */ = {isa = PBXBuildFile; fileRef = 6390B8801B3655D500F83DB2 /* Images.xcassets */; };
		6390B8881B3655D500F83DB2 /* XCTest.framework in Frameworks */ = {isa = PBXBuildFile; fileRef = 6390B8871B3655D500F83DB2 /* XCTest.framework */; };
		6390B8891B3655D500F83DB2 /* Foundation.framework in Frameworks */ = {isa = PBXBuildFile; fileRef = 6390B86E1B3655D500F83DB2 /* Foundation.framework */; };
		6390B88A1B3655D500F83DB2 /* UIKit.framework in Frameworks */ = {isa = PBXBuildFile; fileRef = 6390B8721B3655D500F83DB2 /* UIKit.framework */; };
		6390B8921B3655D500F83DB2 /* InfoPlist.strings in Resources */ = {isa = PBXBuildFile; fileRef = 6390B8901B3655D500F83DB2 /* InfoPlist.strings */; };
		6390B8941B3655D500F83DB2 /* HomepwnerTests.m in Sources */ = {isa = PBXBuildFile; fileRef = 6390B8931B3655D500F83DB2 /* HomepwnerTests.m */; };
		6390B89F1B36562700F83DB2 /* DEIItemsViewController.m in Sources */ = {isa = PBXBuildFile; fileRef = 6390B89E1B36562700F83DB2 /* DEIItemsViewController.m */; };
		63C8B6B41B4B834400C92E69 /* DEIDetailViewController.m in Sources */ = {isa = PBXBuildFile; fileRef = 63C8B6B21B4B834400C92E69 /* DEIDetailViewController.m */; };
		63C8B6B51B4B834400C92E69 /* DEIDetailViewController.xib in Resources */ = {isa = PBXBuildFile; fileRef = 63C8B6B31B4B834400C92E69 /* DEIDetailViewController.xib */; };
/* End PBXBuildFile section */

/* Begin PBXContainerItemProxy section */
		6390B88B1B3655D500F83DB2 /* PBXContainerItemProxy */ = {
			isa = PBXContainerItemProxy;
			containerPortal = 6390B8631B3655D400F83DB2 /* Project object */;
			proxyType = 1;
			remoteGlobalIDString = 6390B86A1B3655D500F83DB2;
			remoteInfo = Homepwner;
		};
/* End PBXContainerItemProxy section */

/* Begin PBXFileReference section */
		6340FD8D1B605CAD008985B2 /* DEIImageStore.h */ = {isa = PBXFileReference; fileEncoding = 4; lastKnownFileType = sourcecode.c.h; path = DEIImageStore.h; sourceTree = "<group>"; };
		6340FD8E1B605CAD008985B2 /* DEIImageStore.m */ = {isa = PBXFileReference; fileEncoding = 4; lastKnownFileType = sourcecode.c.objc; path = DEIImageStore.m; sourceTree = "<group>"; };
		6342AC601B38AF820059D925 /* BNRItem.h */ = {isa = PBXFileReference; fileEncoding = 4; lastKnownFileType = sourcecode.c.h; path = BNRItem.h; sourceTree = "<group>"; };
		6342AC611B38AF820059D925 /* BNRItem.m */ = {isa = PBXFileReference; fileEncoding = 4; lastKnownFileType = sourcecode.c.objc; path = BNRItem.m; sourceTree = "<group>"; };
		6342AC631B38BFF40059D925 /* DEIItemsStore.h */ = {isa = PBXFileReference; fileEncoding = 4; lastKnownFileType = sourcecode.c.h; path = DEIItemsStore.h; sourceTree = "<group>"; };
		6342AC641B38BFF40059D925 /* DEIItemsStore.m */ = {isa = PBXFileReference; fileEncoding = 4; lastKnownFileType = sourcecode.c.objc; path = DEIItemsStore.m; sourceTree = "<group>"; };
		6390B86B1B3655D500F83DB2 /* Homepwner.app */ = {isa = PBXFileReference; explicitFileType = wrapper.application; includeInIndex = 0; path = Homepwner.app; sourceTree = BUILT_PRODUCTS_DIR; };
		6390B86E1B3655D500F83DB2 /* Foundation.framework */ = {isa = PBXFileReference; lastKnownFileType = wrapper.framework; name = Foundation.framework; path = System/Library/Frameworks/Foundation.framework; sourceTree = SDKROOT; };
		6390B8701B3655D500F83DB2 /* CoreGraphics.framework */ = {isa = PBXFileReference; lastKnownFileType = wrapper.framework; name = CoreGraphics.framework; path = System/Library/Frameworks/CoreGraphics.framework; sourceTree = SDKROOT; };
		6390B8721B3655D500F83DB2 /* UIKit.framework */ = {isa = PBXFileReference; lastKnownFileType = wrapper.framework; name = UIKit.framework; path = System/Library/Frameworks/UIKit.framework; sourceTree = SDKROOT; };
		6390B8761B3655D500F83DB2 /* Homepwner-Info.plist */ = {isa = PBXFileReference; lastKnownFileType = text.plist.xml; path = "Homepwner-Info.plist"; sourceTree = "<group>"; };
		6390B8781B3655D500F83DB2 /* en */ = {isa = PBXFileReference; lastKnownFileType = text.plist.strings; name = en; path = en.lproj/InfoPlist.strings; sourceTree = "<group>"; };
		6390B87A1B3655D500F83DB2 /* main.m */ = {isa = PBXFileReference; lastKnownFileType = sourcecode.c.objc; path = main.m; sourceTree = "<group>"; };
		6390B87C1B3655D500F83DB2 /* Homepwner-Prefix.pch */ = {isa = PBXFileReference; lastKnownFileType = sourcecode.c.h; path = "Homepwner-Prefix.pch"; sourceTree = "<group>"; };
		6390B87D1B3655D500F83DB2 /* DEIAppDelegate.h */ = {isa = PBXFileReference; lastKnownFileType = sourcecode.c.h; path = DEIAppDelegate.h; sourceTree = "<group>"; };
		6390B87E1B3655D500F83DB2 /* DEIAppDelegate.m */ = {isa = PBXFileReference; lastKnownFileType = sourcecode.c.objc; path = DEIAppDelegate.m; sourceTree = "<group>"; };
		6390B8801B3655D500F83DB2 /* Images.xcassets */ = {isa = PBXFileReference; lastKnownFileType = folder.assetcatalog; path = Images.xcassets; sourceTree = "<group>"; };
		6390B8861B3655D500F83DB2 /* HomepwnerTests.xctest */ = {isa = PBXFileReference; explicitFileType = wrapper.cfbundle; includeInIndex = 0; path = HomepwnerTests.xctest; sourceTree = BUILT_PRODUCTS_DIR; };
		6390B8871B3655D500F83DB2 /* XCTest.framework */ = {isa = PBXFileReference; lastKnownFileType = wrapper.framework; name = XCTest.framework; path = Library/Frameworks/XCTest.framework; sourceTree = DEVELOPER_DIR; };
		6390B88F1B3655D500F83DB2 /* HomepwnerTests-Info.plist */ = {isa = PBXFileReference; lastKnownFileType = text.plist.xml; path = "HomepwnerTests-Info.plist"; sourceTree = "<group>"; };
		6390B8911B3655D500F83DB2 /* en */ = {isa = PBXFileReference; lastKnownFileType = text.plist.strings; name = en; path = en.lproj/InfoPlist.strings; sourceTree = "<group>"; };
		6390B8931B3655D500F83DB2 /* HomepwnerTests.m */ = {isa = PBXFileReference; lastKnownFileType = sourcecode.c.objc; path = HomepwnerTests.m; sourceTree = "<group>"; };
		6390B89D1B36562700F83DB2 /* DEIItemsViewController.h */ = {isa = PBXFileReference; fileEncoding = 4; lastKnownFileType = sourcecode.c.h; path = DEIItemsViewController.h; sourceTree = "<group>"; };
		6390B89E1B36562700F83DB2 /* DEIItemsViewController.m */ = {isa = PBXFileReference; fileEncoding = 4; lastKnownFileType = sourcecode.c.objc; path = DEIItemsViewController.m; sourceTree = "<group>"; };
		63C8B6B11B4B834400C92E69 /* DEIDetailViewController.h */ = {isa = PBXFileReference; fileEncoding = 4; lastKnownFileType = sourcecode.c.h; path = DEIDetailViewController.h; sourceTree = "<group>"; };
		63C8B6B21B4B834400C92E69 /* DEIDetailViewController.m */ = {isa = PBXFileReference; fileEncoding = 4; lastKnownFileType = sourcecode.c.objc; path = DEIDetailViewController.m; sourceTree = "<group>"; };
		63C8B6B31B4B834400C92E69 /* DEIDetailViewController.xib */ = {isa = PBXFileReference; fileEncoding = 4; lastKnownFileType = file.xib; path = DEIDetailViewController.xib; sourceTree = "<group>"; };
/* End PBXFileReference section */

/* Begin PBXFrameworksBuildPhase section */
		6390B8681B3655D500F83DB2 /* Frameworks */ = {
			isa = PBXFrameworksBuildPhase;
			buildActionMask = 2147483647;
			files = (
				6390B8711B3655D500F83DB2 /* CoreGraphics.framework in Frameworks */,
				6390B8731B3655D500F83DB2 /* UIKit.framework in Frameworks */,
				6390B86F1B3655D500F83DB2 /* Foundation.framework in Frameworks */,
			);
			runOnlyForDeploymentPostprocessing = 0;
		};
		6390B8831B3655D500F83DB2 /* Frameworks */ = {
			isa = PBXFrameworksBuildPhase;
			buildActionMask = 2147483647;
			files = (
				6390B8881B3655D500F83DB2 /* XCTest.framework in Frameworks */,
				6390B88A1B3655D500F83DB2 /* UIKit.framework in Frameworks */,
				6390B8891B3655D500F83DB2 /* Foundation.framework in Frameworks */,
			);
			runOnlyForDeploymentPostprocessing = 0;
		};
/* End PBXFrameworksBuildPhase section */

/* Begin PBXGroup section */
		6390B8621B3655D400F83DB2 = {
			isa = PBXGroup;
			children = (
				63C8B6B11B4B834400C92E69 /* DEIDetailViewController.h */,
				63C8B6B21B4B834400C92E69 /* DEIDetailViewController.m */,
				6340FD8D1B605CAD008985B2 /* DEIImageStore.h */,
				6340FD8E1B605CAD008985B2 /* DEIImageStore.m */,
				63C8B6B31B4B834400C92E69 /* DEIDetailViewController.xib */,
				6390B89D1B36562700F83DB2 /* DEIItemsViewController.h */,
				6390B89E1B36562700F83DB2 /* DEIItemsViewController.m */,
				6390B8741B3655D500F83DB2 /* Homepwner */,
				6390B88D1B3655D500F83DB2 /* HomepwnerTests */,
				6390B86D1B3655D500F83DB2 /* Frameworks */,
				6390B86C1B3655D500F83DB2 /* Products */,
				6342AC601B38AF820059D925 /* BNRItem.h */,
				6342AC611B38AF820059D925 /* BNRItem.m */,
				6342AC631B38BFF40059D925 /* DEIItemsStore.h */,
				6342AC641B38BFF40059D925 /* DEIItemsStore.m */,
			);
			sourceTree = "<group>";
		};
		6390B86C1B3655D500F83DB2 /* Products */ = {
			isa = PBXGroup;
			children = (
				6390B86B1B3655D500F83DB2 /* Homepwner.app */,
				6390B8861B3655D500F83DB2 /* HomepwnerTests.xctest */,
			);
			name = Products;
			sourceTree = "<group>";
		};
		6390B86D1B3655D500F83DB2 /* Frameworks */ = {
			isa = PBXGroup;
			children = (
				6390B86E1B3655D500F83DB2 /* Foundation.framework */,
				6390B8701B3655D500F83DB2 /* CoreGraphics.framework */,
				6390B8721B3655D500F83DB2 /* UIKit.framework */,
				6390B8871B3655D500F83DB2 /* XCTest.framework */,
			);
			name = Frameworks;
			sourceTree = "<group>";
		};
		6390B8741B3655D500F83DB2 /* Homepwner */ = {
			isa = PBXGroup;
			children = (
				6390B87D1B3655D500F83DB2 /* DEIAppDelegate.h */,
				6390B87E1B3655D500F83DB2 /* DEIAppDelegate.m */,
				6390B8801B3655D500F83DB2 /* Images.xcassets */,
				6390B8751B3655D500F83DB2 /* Supporting Files */,
			);
			path = Homepwner;
			sourceTree = "<group>";
		};
		6390B8751B3655D500F83DB2 /* Supporting Files */ = {
			isa = PBXGroup;
			children = (
				6390B8761B3655D500F83DB2 /* Homepwner-Info.plist */,
				6390B8771B3655D500F83DB2 /* InfoPlist.strings */,
				6390B87A1B3655D500F83DB2 /* main.m */,
				6390B87C1B3655D500F83DB2 /* Homepwner-Prefix.pch */,
			);
			name = "Supporting Files";
			sourceTree = "<group>";
		};
		6390B88D1B3655D500F83DB2 /* HomepwnerTests */ = {
			isa = PBXGroup;
			children = (
				6390B8931B3655D500F83DB2 /* HomepwnerTests.m */,
				6390B88E1B3655D500F83DB2 /* Supporting Files */,
			);
			path = HomepwnerTests;
			sourceTree = "<group>";
		};
		6390B88E1B3655D500F83DB2 /* Supporting Files */ = {
			isa = PBXGroup;
			children = (
				6390B88F1B3655D500F83DB2 /* HomepwnerTests-Info.plist */,
				6390B8901B3655D500F83DB2 /* InfoPlist.strings */,
			);
			name = "Supporting Files";
			sourceTree = "<group>";
		};
/* End PBXGroup section */

/* Begin PBXNativeTarget section */
		6390B86A1B3655D500F83DB2 /* Homepwner */ = {
			isa = PBXNativeTarget;
			buildConfigurationList = 6390B8971B3655D500F83DB2 /* Build configuration list for PBXNativeTarget "Homepwner" */;
			buildPhases = (
				6390B8671B3655D500F83DB2 /* Sources */,
				6390B8681B3655D500F83DB2 /* Frameworks */,
				6390B8691B3655D500F83DB2 /* Resources */,
			);
			buildRules = (
			);
			dependencies = (
			);
			name = Homepwner;
			productName = Homepwner;
			productReference = 6390B86B1B3655D500F83DB2 /* Homepwner.app */;
			productType = "com.apple.product-type.application";
		};
		6390B8851B3655D500F83DB2 /* HomepwnerTests */ = {
			isa = PBXNativeTarget;
			buildConfigurationList = 6390B89A1B3655D500F83DB2 /* Build configuration list for PBXNativeTarget "HomepwnerTests" */;
			buildPhases = (
				6390B8821B3655D500F83DB2 /* Sources */,
				6390B8831B3655D500F83DB2 /* Frameworks */,
				6390B8841B3655D500F83DB2 /* Resources */,
			);
			buildRules = (
			);
			dependencies = (
				6390B88C1B3655D500F83DB2 /* PBXTargetDependency */,
			);
			name = HomepwnerTests;
			productName = HomepwnerTests;
			productReference = 6390B8861B3655D500F83DB2 /* HomepwnerTests.xctest */;
			productType = "com.apple.product-type.bundle.unit-test";
		};
/* End PBXNativeTarget section */

/* Begin PBXProject section */
		6390B8631B3655D400F83DB2 /* Project object */ = {
			isa = PBXProject;
			attributes = {
				CLASSPREFIX = DEI;
				LastUpgradeCheck = 0510;
				ORGANIZATIONNAME = "DigitalEquity, Inc.";
				TargetAttributes = {
					6390B8851B3655D500F83DB2 = {
						TestTargetID = 6390B86A1B3655D500F83DB2;
					};
				};
			};
			buildConfigurationList = 6390B8661B3655D400F83DB2 /* Build configuration list for PBXProject "Homepwner" */;
			compatibilityVersion = "Xcode 3.2";
			developmentRegion = English;
			hasScannedForEncodings = 0;
			knownRegions = (
				en,
			);
			mainGroup = 6390B8621B3655D400F83DB2;
			productRefGroup = 6390B86C1B3655D500F83DB2 /* Products */;
			projectDirPath = "";
			projectRoot = "";
			targets = (
				6390B86A1B3655D500F83DB2 /* Homepwner */,
				6390B8851B3655D500F83DB2 /* HomepwnerTests */,
			);
		};
/* End PBXProject section */

/* Begin PBXResourcesBuildPhase section */
		6390B8691B3655D500F83DB2 /* Resources */ = {
			isa = PBXResourcesBuildPhase;
			buildActionMask = 2147483647;
			files = (
				63C8B6B51B4B834400C92E69 /* DEIDetailViewController.xib in Resources */,
				6390B8791B3655D500F83DB2 /* InfoPlist.strings in Resources */,
				6390B8811B3655D500F83DB2 /* Images.xcassets in Resources */,
			);
			runOnlyForDeploymentPostprocessing = 0;
		};
		6390B8841B3655D500F83DB2 /* Resources */ = {
			isa = PBXResourcesBuildPhase;
			buildActionMask = 2147483647;
			files = (
				6390B8921B3655D500F83DB2 /* InfoPlist.strings in Resources */,
			);
			runOnlyForDeploymentPostprocessing = 0;
		};
/* End PBXResourcesBuildPhase section */

/* Begin PBXSourcesBuildPhase section */
		6390B8671B3655D500F83DB2 /* Sources */ = {
			isa = PBXSourcesBuildPhase;
			buildActionMask = 2147483647;
			files = (
				6390B87B1B3655D500F83DB2 /* main.m in Sources */,
				6342AC621B38AF820059D925 /* BNRItem.m in Sources */,
				6390B89F1B36562700F83DB2 /* DEIItemsViewController.m in Sources */,
				6340FD8F1B605CAD008985B2 /* DEIImageStore.m in Sources */,
				6390B87F1B3655D500F83DB2 /* DEIAppDelegate.m in Sources */,
				63C8B6B41B4B834400C92E69 /* DEIDetailViewController.m in Sources */,
				6342AC651B38BFF40059D925 /* DEIItemsStore.m in Sources */,
			);
			runOnlyForDeploymentPostprocessing = 0;
		};
		6390B8821B3655D500F83DB2 /* Sources */ = {
			isa = PBXSourcesBuildPhase;
			buildActionMask = 2147483647;
			files = (
				6390B8941B3655D500F83DB2 /* HomepwnerTests.m in Sources */,
			);
			runOnlyForDeploymentPostprocessing = 0;
		};
/* End PBXSourcesBuildPhase section */

/* Begin PBXTargetDependency section */
		6390B88C1B3655D500F83DB2 /* PBXTargetDependency */ = {
			isa = PBXTargetDependency;
			target = 6390B86A1B3655D500F83DB2 /* Homepwner */;
			targetProxy = 6390B88B1B3655D500F83DB2 /* PBXContainerItemProxy */;
		};
/* End PBXTargetDependency section */

/* Begin PBXVariantGroup section */
		6390B8771B3655D500F83DB2 /* InfoPlist.strings */ = {
			isa = PBXVariantGroup;
			children = (
				6390B8781B3655D500F83DB2 /* en */,
			);
			name = InfoPlist.strings;
			sourceTree = "<group>";
		};
		6390B8901B3655D500F83DB2 /* InfoPlist.strings */ = {
			isa = PBXVariantGroup;
			children = (
				6390B8911B3655D500F83DB2 /* en */,
			);
			name = InfoPlist.strings;
			sourceTree = "<group>";
		};
/* End PBXVariantGroup section */

/* Begin XCBuildConfiguration section */
		6390B8951B3655D500F83DB2 /* Debug */ = {
			isa = XCBuildConfiguration;
			buildSettings = {
				ALWAYS_SEARCH_USER_PATHS = NO;
				CLANG_CXX_LANGUAGE_STANDARD = "gnu++0x";
				CLANG_CXX_LIBRARY = "libc++";
				CLANG_ENABLE_MODULES = YES;
				CLANG_ENABLE_OBJC_ARC = YES;
				CLANG_WARN_BOOL_CONVERSION = YES;
				CLANG_WARN_CONSTANT_CONVERSION = YES;
				CLANG_WARN_DIRECT_OBJC_ISA_USAGE = YES_ERROR;
				CLANG_WARN_EMPTY_BODY = YES;
				CLANG_WARN_ENUM_CONVERSION = YES;
				CLANG_WARN_INT_CONVERSION = YES;
				CLANG_WARN_OBJC_ROOT_CLASS = YES_ERROR;
				CLANG_WARN__DUPLICATE_METHOD_MATCH = YES;
				"CODE_SIGN_IDENTITY[sdk=iphoneos*]" = "iPhone Developer";
				COPY_PHASE_STRIP = NO;
				GCC_C_LANGUAGE_STANDARD = gnu99;
				GCC_DYNAMIC_NO_PIC = NO;
				GCC_OPTIMIZATION_LEVEL = 0;
				GCC_PREPROCESSOR_DEFINITIONS = (
					"DEBUG=1",
					"$(inherited)",
				);
				GCC_SYMBOLS_PRIVATE_EXTERN = NO;
				GCC_WARN_64_TO_32_BIT_CONVERSION = YES;
				GCC_WARN_ABOUT_RETURN_TYPE = YES_ERROR;
				GCC_WARN_UNDECLARED_SELECTOR = YES;
				GCC_WARN_UNINITIALIZED_AUTOS = YES_AGGRESSIVE;
				GCC_WARN_UNUSED_FUNCTION = YES;
				GCC_WARN_UNUSED_VARIABLE = YES;
				IPHONEOS_DEPLOYMENT_TARGET = 7.1;
				ONLY_ACTIVE_ARCH = YES;
				SDKROOT = iphoneos;
			};
			name = Debug;
		};
		6390B8961B3655D500F83DB2 /* Release */ = {
			isa = XCBuildConfiguration;
			buildSettings = {
				ALWAYS_SEARCH_USER_PATHS = NO;
				CLANG_CXX_LANGUAGE_STANDARD = "gnu++0x";
				CLANG_CXX_LIBRARY = "libc++";
				CLANG_ENABLE_MODULES = YES;
				CLANG_ENABLE_OBJC_ARC = YES;
				CLANG_WARN_BOOL_CONVERSION = YES;
				CLANG_WARN_CONSTANT_CONVERSION = YES;
				CLANG_WARN_DIRECT_OBJC_ISA_USAGE = YES_ERROR;
				CLANG_WARN_EMPTY_BODY = YES;
				CLANG_WARN_ENUM_CONVERSION = YES;
				CLANG_WARN_INT_CONVERSION = YES;
				CLANG_WARN_OBJC_ROOT_CLASS = YES_ERROR;
				CLANG_WARN__DUPLICATE_METHOD_MATCH = YES;
				"CODE_SIGN_IDENTITY[sdk=iphoneos*]" = "iPhone Developer";
				COPY_PHASE_STRIP = YES;
				ENABLE_NS_ASSERTIONS = NO;
				GCC_C_LANGUAGE_STANDARD = gnu99;
				GCC_WARN_64_TO_32_BIT_CONVERSION = YES;
				GCC_WARN_ABOUT_RETURN_TYPE = YES_ERROR;
				GCC_WARN_UNDECLARED_SELECTOR = YES;
				GCC_WARN_UNINITIALIZED_AUTOS = YES_AGGRESSIVE;
				GCC_WARN_UNUSED_FUNCTION = YES;
				GCC_WARN_UNUSED_VARIABLE = YES;
				IPHONEOS_DEPLOYMENT_TARGET = 7.1;
				SDKROOT = iphoneos;
				VALIDATE_PRODUCT = YES;
			};
			name = Release;
		};
		6390B8981B3655D500F83DB2 /* Debug */ = {
			isa = XCBuildConfiguration;
			buildSettings = {
				ASSETCATALOG_COMPILER_APPICON_NAME = AppIcon;
				ASSETCATALOG_COMPILER_LAUNCHIMAGE_NAME = LaunchImage;
				GCC_PRECOMPILE_PREFIX_HEADER = YES;
				GCC_PREFIX_HEADER = "Homepwner/Homepwner-Prefix.pch";
				INFOPLIST_FILE = "Homepwner/Homepwner-Info.plist";
				PRODUCT_NAME = "$(TARGET_NAME)";
				WRAPPER_EXTENSION = app;
			};
			name = Debug;
		};
		6390B8991B3655D500F83DB2 /* Release */ = {
			isa = XCBuildConfiguration;
			buildSettings = {
				ASSETCATALOG_COMPILER_APPICON_NAME = AppIcon;
				ASSETCATALOG_COMPILER_LAUNCHIMAGE_NAME = LaunchImage;
				GCC_PRECOMPILE_PREFIX_HEADER = YES;
				GCC_PREFIX_HEADER = "Homepwner/Homepwner-Prefix.pch";
				INFOPLIST_FILE = "Homepwner/Homepwner-Info.plist";
				PRODUCT_NAME = "$(TARGET_NAME)";
				WRAPPER_EXTENSION = app;
			};
			name = Release;
		};
		6390B89B1B3655D500F83DB2 /* Debug */ = {
			isa = XCBuildConfiguration;
			buildSettings = {
				BUNDLE_LOADER = "$(BUILT_PRODUCTS_DIR)/Homepwner.app/Homepwner";
				FRAMEWORK_SEARCH_PATHS = (
					"$(SDKROOT)/Developer/Library/Frameworks",
					"$(inherited)",
					"$(DEVELOPER_FRAMEWORKS_DIR)",
				);
				GCC_PRECOMPILE_PREFIX_HEADER = YES;
				GCC_PREFIX_HEADER = "Homepwner/Homepwner-Prefix.pch";
				GCC_PREPROCESSOR_DEFINITIONS = (
					"DEBUG=1",
					"$(inherited)",
				);
				INFOPLIST_FILE = "HomepwnerTests/HomepwnerTests-Info.plist";
				PRODUCT_NAME = "$(TARGET_NAME)";
				TEST_HOST = "$(BUNDLE_LOADER)";
				WRAPPER_EXTENSION = xctest;
			};
			name = Debug;
		};
		6390B89C1B3655D500F83DB2 /* Release */ = {
			isa = XCBuildConfiguration;
			buildSettings = {
				BUNDLE_LOADER = "$(BUILT_PRODUCTS_DIR)/Homepwner.app/Homepwner";
				FRAMEWORK_SEARCH_PATHS = (
					"$(SDKROOT)/Developer/Library/Frameworks",
					"$(inherited)",
					"$(DEVELOPER_FRAMEWORKS_DIR)",
				);
				GCC_PRECOMPILE_PREFIX_HEADER = YES;
				GCC_PREFIX_HEADER = "Homepwner/Homepwner-Prefix.pch";
				INFOPLIST_FILE = "HomepwnerTests/HomepwnerTests-Info.plist";
				PRODUCT_NAME = "$(TARGET_NAME)";
				TEST_HOST = "$(BUNDLE_LOADER)";
				WRAPPER_EXTENSION = xctest;
			};
			name = Release;
		};
/* End XCBuildConfiguration section */

/* Begin XCConfigurationList section */
		6390B8661B3655D400F83DB2 /* Build configuration list for PBXProject "Homepwner" */ = {
			isa = XCConfigurationList;
			buildConfigurations = (
				6390B8951B3655D500F83DB2 /* Debug */,
				6390B8961B3655D500F83DB2 /* Release */,
			);
			defaultConfigurationIsVisible = 0;
			defaultConfigurationName = Release;
		};
		6390B8971B3655D500F83DB2 /* Build configuration list for PBXNativeTarget "Homepwner" */ = {
			isa = XCConfigurationList;
			buildConfigurations = (
				6390B8981B3655D500F83DB2 /* Debug */,
				6390B8991B3655D500F83DB2 /* Release */,
			);
			defaultConfigurationIsVisible = 0;
			defaultConfigurationName = Release;
		};
		6390B89A1B3655D500F83DB2 /* Build configuration list for PBXNativeTarget "HomepwnerTests" */ = {
			isa = XCConfigurationList;
			buildConfigurations = (
				6390B89B1B3655D500F83DB2 /* Debug */,
				6390B89C1B3655D500F83DB2 /* Release */,
			);
			defaultConfigurationIsVisible = 0;
			defaultConfigurationName = Release;
		};
/* End XCConfigurationList section */
	};
	rootObject = 6390B8631B3655D400F83DB2 /* Project object */;
}
